
Microsoft Visual Studio Solution File, Format Version 12.00
# Visual Studio Version 16
VisualStudioVersion = 16.0.30523.141
MinimumVisualStudioVersion = 10.0.40219.1
Project("{2150E333-8FDC-42A3-9474-1A3956D46DE8}") = "Services", "Services", "{8C3B1826-0E0C-4F5B-96A8-43457FC1BA39}"
EndProject
Project("{9A19103F-16F7-4668-BE54-9A1E7A4F7556}") = "CallCommand", "CallCommand\CallCommand.csproj", "{1E15FB74-B65E-4C33-BA19-E61354D462B7}"
EndProject
Project("{2150E333-8FDC-42A3-9474-1A3956D46DE8}") = "Apps", "Apps", "{E57D5F36-9E6B-4A43-800B-27B2B6F9421B}"
EndProject
Project("{2150E333-8FDC-42A3-9474-1A3956D46DE8}") = "Wiki", "Wiki", "{E5536843-B7B9-4381-9B44-E851B70D2522}"
EndProject
Project("{2150E333-8FDC-42A3-9474-1A3956D46DE8}") = "Shared", "Shared", "{3F58B060-B098-4CBF-8587-3D02CD663503}"
EndProject
Project("{FAE04EC0-301F-11D3-BF4B-00C04F79EFBC}") = "Shared.Protos", "Shared.Protos\Shared.Protos.csproj", "{A6C0ADBA-AFB0-49B4-94EF-61C6D6A7D7AF}"
EndProject
Project("{FAE04EC0-301F-11D3-BF4B-00C04F79EFBC}") = "Shared.Test", "Shared.Test\Shared.Test.csproj", "{AF7A890C-D8CF-444A-B6B5-AA1BA38C497A}"
EndProject
Project("{FAE04EC0-301F-11D3-BF4B-00C04F79EFBC}") = "Wiki.Core", "Wiki.Core\Wiki.Core.csproj", "{C0F32A01-FB23-442D-9AE6-55498B8BBB38}"
EndProject
Project("{D954291E-2A0B-460D-934E-DC6B0785DB48}") = "Shared.Core", "Shared.Core\Shared.Core.shproj", "{E89060D8-BA57-445F-953E-7AA3862F5051}"
EndProject
Project("{D954291E-2A0B-460D-934E-DC6B0785DB48}") = "Shared.Server", "Shared.Server\Shared.Server.shproj", "{31A53A20-5FC2-43D6-83EB-CF66DC80D551}"
EndProject
Project("{FAE04EC0-301F-11D3-BF4B-00C04F79EFBC}") = "Wiki.Host", "Wiki.Host\Wiki.Host.csproj", "{3CB63047-7C15-4C31-A4C8-F1E6A9F0E546}"
EndProject
Project("{D954291E-2A0B-460D-934E-DC6B0785DB48}") = "Shared.Configurations", "Shared.Configurations\Shared.Configurations.shproj", "{46BC8FB9-D8A9-4040-BD42-AB5145F837AE}"
EndProject
Project("{2150E333-8FDC-42A3-9474-1A3956D46DE8}") = "Configuration", "Configuration", "{94BF210B-FDBC-4524-9E7C-C907ABC66FFB}"
EndProject
Project("{FAE04EC0-301F-11D3-BF4B-00C04F79EFBC}") = "Configuration.Host", "Configuration.Host\Configuration.Host.csproj", "{A954603E-221D-46AE-9B19-7029F3464E56}"
EndProject
Global
	GlobalSection(SharedMSBuildProjectFiles) = preSolution
		Services.Protos\Services.Protos.projitems*{1e15fb74-b65e-4c33-ba19-e61354d462b7}*SharedItemsImports = 5
		Shared\Shared.projitems*{4e9d7002-8296-47d1-88a3-273afd527787}*SharedItemsImports = 13
		Services.Protos\Services.Protos.projitems*{a3089fc9-1c2d-4736-ab46-a97ca4bd18db}*SharedItemsImports = 13
		Shared\Shared.projitems*{e0963331-5dff-405c-9419-b49867227f07}*SharedItemsImports = 5
	EndGlobalSection
	GlobalSection(SolutionConfigurationPlatforms) = preSolution
		Debug|Any CPU = Debug|Any CPU
		Release|Any CPU = Release|Any CPU
	EndGlobalSection
	GlobalSection(ProjectConfigurationPlatforms) = postSolution
		{1E15FB74-B65E-4C33-BA19-E61354D462B7}.Debug|Any CPU.ActiveCfg = Debug|Any CPU
		{1E15FB74-B65E-4C33-BA19-E61354D462B7}.Debug|Any CPU.Build.0 = Debug|Any CPU
		{1E15FB74-B65E-4C33-BA19-E61354D462B7}.Release|Any CPU.ActiveCfg = Release|Any CPU
		{1E15FB74-B65E-4C33-BA19-E61354D462B7}.Release|Any CPU.Build.0 = Release|Any CPU
		{A6C0ADBA-AFB0-49B4-94EF-61C6D6A7D7AF}.Debug|Any CPU.ActiveCfg = Debug|Any CPU
		{A6C0ADBA-AFB0-49B4-94EF-61C6D6A7D7AF}.Debug|Any CPU.Build.0 = Debug|Any CPU
		{A6C0ADBA-AFB0-49B4-94EF-61C6D6A7D7AF}.Release|Any CPU.ActiveCfg = Release|Any CPU
		{A6C0ADBA-AFB0-49B4-94EF-61C6D6A7D7AF}.Release|Any CPU.Build.0 = Release|Any CPU
		{AF7A890C-D8CF-444A-B6B5-AA1BA38C497A}.Debug|Any CPU.ActiveCfg = Debug|Any CPU
		{AF7A890C-D8CF-444A-B6B5-AA1BA38C497A}.Debug|Any CPU.Build.0 = Debug|Any CPU
		{AF7A890C-D8CF-444A-B6B5-AA1BA38C497A}.Release|Any CPU.ActiveCfg = Release|Any CPU
		{AF7A890C-D8CF-444A-B6B5-AA1BA38C497A}.Release|Any CPU.Build.0 = Release|Any CPU
		{C0F32A01-FB23-442D-9AE6-55498B8BBB38}.Debug|Any CPU.ActiveCfg = Debug|Any CPU
		{C0F32A01-FB23-442D-9AE6-55498B8BBB38}.Debug|Any CPU.Build.0 = Debug|Any CPU
		{C0F32A01-FB23-442D-9AE6-55498B8BBB38}.Release|Any CPU.ActiveCfg = Release|Any CPU
		{C0F32A01-FB23-442D-9AE6-55498B8BBB38}.Release|Any CPU.Build.0 = Release|Any CPU
		{3CB63047-7C15-4C31-A4C8-F1E6A9F0E546}.Debug|Any CPU.ActiveCfg = Debug|Any CPU
		{3CB63047-7C15-4C31-A4C8-F1E6A9F0E546}.Debug|Any CPU.Build.0 = Debug|Any CPU
		{3CB63047-7C15-4C31-A4C8-F1E6A9F0E546}.Release|Any CPU.ActiveCfg = Release|Any CPU
		{3CB63047-7C15-4C31-A4C8-F1E6A9F0E546}.Release|Any CPU.Build.0 = Release|Any CPU
		{A954603E-221D-46AE-9B19-7029F3464E56}.Debug|Any CPU.ActiveCfg = Debug|Any CPU
		{A954603E-221D-46AE-9B19-7029F3464E56}.Debug|Any CPU.Build.0 = Debug|Any CPU
		{A954603E-221D-46AE-9B19-7029F3464E56}.Release|Any CPU.ActiveCfg = Release|Any CPU
		{A954603E-221D-46AE-9B19-7029F3464E56}.Release|Any CPU.Build.0 = Release|Any CPU
	EndGlobalSection
	GlobalSection(SolutionProperties) = preSolution
		HideSolutionNode = FALSE
	EndGlobalSection
	GlobalSection(NestedProjects) = preSolution
		{1E15FB74-B65E-4C33-BA19-E61354D462B7} = {E57D5F36-9E6B-4A43-800B-27B2B6F9421B}
		{E5536843-B7B9-4381-9B44-E851B70D2522} = {8C3B1826-0E0C-4F5B-96A8-43457FC1BA39}
		{3F58B060-B098-4CBF-8587-3D02CD663503} = {8C3B1826-0E0C-4F5B-96A8-43457FC1BA39}
		{A6C0ADBA-AFB0-49B4-94EF-61C6D6A7D7AF} = {3F58B060-B098-4CBF-8587-3D02CD663503}
		{AF7A890C-D8CF-444A-B6B5-AA1BA38C497A} = {3F58B060-B098-4CBF-8587-3D02CD663503}
		{C0F32A01-FB23-442D-9AE6-55498B8BBB38} = {E5536843-B7B9-4381-9B44-E851B70D2522}
		{E89060D8-BA57-445F-953E-7AA3862F5051} = {3F58B060-B098-4CBF-8587-3D02CD663503}
		{31A53A20-5FC2-43D6-83EB-CF66DC80D551} = {3F58B060-B098-4CBF-8587-3D02CD663503}
		{3CB63047-7C15-4C31-A4C8-F1E6A9F0E546} = {E5536843-B7B9-4381-9B44-E851B70D2522}
		{46BC8FB9-D8A9-4040-BD42-AB5145F837AE} = {3F58B060-B098-4CBF-8587-3D02CD663503}
		{94BF210B-FDBC-4524-9E7C-C907ABC66FFB} = {8C3B1826-0E0C-4F5B-96A8-43457FC1BA39}
		{A954603E-221D-46AE-9B19-7029F3464E56} = {94BF210B-FDBC-4524-9E7C-C907ABC66FFB}
	EndGlobalSection
	GlobalSection(ExtensibilityGlobals) = postSolution
		SolutionGuid = {312F6345-23C8-495E-AA54-3144B94E0441}
	EndGlobalSection
EndGlobal
